
Microsoft Visual Studio Solution File, Format Version 12.00
# Visual Studio Version 17
VisualStudioVersion = 17.13.35919.96 d17.13
MinimumVisualStudioVersion = 10.0.40219.1
Project("{FAE04EC0-301F-11D3-BF4B-00C04F79EFBC}") = "TP_Grupo_12", "TP_Grupo_12\TP_Grupo_12.csproj", "{A35D5A29-26B4-4DDF-B001-6B6997B10D18}"
EndProject
Global
	GlobalSection(SolutionConfigurationPlatforms) = preSolution
		Debug|Any CPU = Debug|Any CPU
		Release|Any CPU = Release|Any CPU
	EndGlobalSection
	GlobalSection(ProjectConfigurationPlatforms) = postSolution
		{A35D5A29-26B4-4DDF-B001-6B6997B10D18}.Debug|Any CPU.ActiveCfg = Debug|Any CPU
		{A35D5A29-26B4-4DDF-B001-6B6997B10D18}.Debug|Any CPU.Build.0 = Debug|Any CPU
		{A35D5A29-26B4-4DDF-B001-6B6997B10D18}.Release|Any CPU.ActiveCfg = Release|Any CPU
		{A35D5A29-26B4-4DDF-B001-6B6997B10D18}.Release|Any CPU.Build.0 = Release|Any CPU
	EndGlobalSection
	GlobalSection(SolutionProperties) = preSolution
		HideSolutionNode = FALSE
	EndGlobalSection
	GlobalSection(ExtensibilityGlobals) = postSolution
		SolutionGuid = {6E83AC61-70F4-4DAC-A4A3-7CBE650EF5B7}
	EndGlobalSection
EndGlobal
